
Microsoft Visual Studio Solution File, Format Version 12.00
# Visual Studio Version 16
VisualStudioVersion = 25.0.1705.1
MinimumVisualStudioVersion = 10.0.40219.1
Project("{FAE04EC0-301F-11D3-BF4B-00C04F79EFBC}") = "CardGame", "CardGame\CardGame.csproj", "{3C6CAEE1-9B86-43B5-8C58-60011DB85F02}"
EndProject
Global
	GlobalSection(SolutionConfigurationPlatforms) = preSolution
		Debug|Any CPU = Debug|Any CPU
		Release|Any CPU = Release|Any CPU
	EndGlobalSection
	GlobalSection(ProjectConfigurationPlatforms) = postSolution
		{3C6CAEE1-9B86-43B5-8C58-60011DB85F02}.Debug|Any CPU.ActiveCfg = Debug|Any CPU
		{3C6CAEE1-9B86-43B5-8C58-60011DB85F02}.Debug|Any CPU.Build.0 = Debug|Any CPU
		{3C6CAEE1-9B86-43B5-8C58-60011DB85F02}.Release|Any CPU.ActiveCfg = Release|Any CPU
		{3C6CAEE1-9B86-43B5-8C58-60011DB85F02}.Release|Any CPU.Build.0 = Release|Any CPU
	EndGlobalSection
	GlobalSection(SolutionProperties) = preSolution
		HideSolutionNode = FALSE
	EndGlobalSection
	GlobalSection(ExtensibilityGlobals) = postSolution
		SolutionGuid = {1DA8FA34-361B-4F4E-8BE3-6D797FDCC791}
	EndGlobalSection
EndGlobal
